
Microsoft Visual Studio Solution File, Format Version 12.00
# Visual Studio Version 17
VisualStudioVersion = 17.11.35222.181
MinimumVisualStudioVersion = 10.0.40219.1
Project("{FAE04EC0-301F-11D3-BF4B-00C04F79EFBC}") = "CET254_Week2", "CET254_Week2\CET254_Week2.csproj", "{C633BED4-C68A-4B75-A9E7-E6287AE3910E}"
EndProject
Global
	GlobalSection(SolutionConfigurationPlatforms) = preSolution
		Debug|Any CPU = Debug|Any CPU
		Release|Any CPU = Release|Any CPU
	EndGlobalSection
	GlobalSection(ProjectConfigurationPlatforms) = postSolution
		{C633BED4-C68A-4B75-A9E7-E6287AE3910E}.Debug|Any CPU.ActiveCfg = Debug|Any CPU
		{C633BED4-C68A-4B75-A9E7-E6287AE3910E}.Debug|Any CPU.Build.0 = Debug|Any CPU
		{C633BED4-C68A-4B75-A9E7-E6287AE3910E}.Release|Any CPU.ActiveCfg = Release|Any CPU
		{C633BED4-C68A-4B75-A9E7-E6287AE3910E}.Release|Any CPU.Build.0 = Release|Any CPU
	EndGlobalSection
	GlobalSection(SolutionProperties) = preSolution
		HideSolutionNode = FALSE
	EndGlobalSection
	GlobalSection(ExtensibilityGlobals) = postSolution
		SolutionGuid = {75FAFD54-1E11-43BA-9716-86B8C8B3CCC6}
	EndGlobalSection
EndGlobal
